
Microsoft Visual Studio Solution File, Format Version 12.00
# Visual Studio 15
VisualStudioVersion = 15.0.26124.0
MinimumVisualStudioVersion = 15.0.26124.0
Project("{FAE04EC0-301F-11D3-BF4B-00C04F79EFBC}") = "Domain", "Domain\Domain.csproj", "{B9A1C770-F16B-4B5A-A529-CC4183FF2154}"
EndProject
Project("{FAE04EC0-301F-11D3-BF4B-00C04F79EFBC}") = "Application", "Application\Application.csproj", "{F7E55B9B-9E96-4C17-B776-FCAE4BC1CA33}"
EndProject
Project("{FAE04EC0-301F-11D3-BF4B-00C04F79EFBC}") = "Persistance", "Persistance\Persistance.csproj", "{C5F1A62E-0E7A-4A66-87DA-16FB36711288}"
EndProject
Project("{FAE04EC0-301F-11D3-BF4B-00C04F79EFBC}") = "API", "API\API.csproj", "{82BF118F-8DD0-4A22-8CA8-05D7502E0CBD}"
EndProject
Project("{FAE04EC0-301F-11D3-BF4B-00C04F79EFBC}") = "Infrastructure", "Infrastructure\Infrastructure.csproj", "{1CBD6D3C-12F8-4BD2-9445-9D6F6BF3DB9F}"
EndProject
Global
	GlobalSection(SolutionConfigurationPlatforms) = preSolution
		Debug|Any CPU = Debug|Any CPU
		Debug|x64 = Debug|x64
		Debug|x86 = Debug|x86
		Release|Any CPU = Release|Any CPU
		Release|x64 = Release|x64
		Release|x86 = Release|x86
	EndGlobalSection
	GlobalSection(SolutionProperties) = preSolution
		HideSolutionNode = FALSE
	EndGlobalSection
	GlobalSection(ProjectConfigurationPlatforms) = postSolution
		{B9A1C770-F16B-4B5A-A529-CC4183FF2154}.Debug|Any CPU.ActiveCfg = Debug|Any CPU
		{B9A1C770-F16B-4B5A-A529-CC4183FF2154}.Debug|Any CPU.Build.0 = Debug|Any CPU
		{B9A1C770-F16B-4B5A-A529-CC4183FF2154}.Debug|x64.ActiveCfg = Debug|Any CPU
		{B9A1C770-F16B-4B5A-A529-CC4183FF2154}.Debug|x64.Build.0 = Debug|Any CPU
		{B9A1C770-F16B-4B5A-A529-CC4183FF2154}.Debug|x86.ActiveCfg = Debug|Any CPU
		{B9A1C770-F16B-4B5A-A529-CC4183FF2154}.Debug|x86.Build.0 = Debug|Any CPU
		{B9A1C770-F16B-4B5A-A529-CC4183FF2154}.Release|Any CPU.ActiveCfg = Release|Any CPU
		{B9A1C770-F16B-4B5A-A529-CC4183FF2154}.Release|Any CPU.Build.0 = Release|Any CPU
		{B9A1C770-F16B-4B5A-A529-CC4183FF2154}.Release|x64.ActiveCfg = Release|Any CPU
		{B9A1C770-F16B-4B5A-A529-CC4183FF2154}.Release|x64.Build.0 = Release|Any CPU
		{B9A1C770-F16B-4B5A-A529-CC4183FF2154}.Release|x86.ActiveCfg = Release|Any CPU
		{B9A1C770-F16B-4B5A-A529-CC4183FF2154}.Release|x86.Build.0 = Release|Any CPU
		{F7E55B9B-9E96-4C17-B776-FCAE4BC1CA33}.Debug|Any CPU.ActiveCfg = Debug|Any CPU
		{F7E55B9B-9E96-4C17-B776-FCAE4BC1CA33}.Debug|Any CPU.Build.0 = Debug|Any CPU
		{F7E55B9B-9E96-4C17-B776-FCAE4BC1CA33}.Debug|x64.ActiveCfg = Debug|Any CPU
		{F7E55B9B-9E96-4C17-B776-FCAE4BC1CA33}.Debug|x64.Build.0 = Debug|Any CPU
		{F7E55B9B-9E96-4C17-B776-FCAE4BC1CA33}.Debug|x86.ActiveCfg = Debug|Any CPU
		{F7E55B9B-9E96-4C17-B776-FCAE4BC1CA33}.Debug|x86.Build.0 = Debug|Any CPU
		{F7E55B9B-9E96-4C17-B776-FCAE4BC1CA33}.Release|Any CPU.ActiveCfg = Release|Any CPU
		{F7E55B9B-9E96-4C17-B776-FCAE4BC1CA33}.Release|Any CPU.Build.0 = Release|Any CPU
		{F7E55B9B-9E96-4C17-B776-FCAE4BC1CA33}.Release|x64.ActiveCfg = Release|Any CPU
		{F7E55B9B-9E96-4C17-B776-FCAE4BC1CA33}.Release|x64.Build.0 = Release|Any CPU
		{F7E55B9B-9E96-4C17-B776-FCAE4BC1CA33}.Release|x86.ActiveCfg = Release|Any CPU
		{F7E55B9B-9E96-4C17-B776-FCAE4BC1CA33}.Release|x86.Build.0 = Release|Any CPU
		{C5F1A62E-0E7A-4A66-87DA-16FB36711288}.Debug|Any CPU.ActiveCfg = Debug|Any CPU
		{C5F1A62E-0E7A-4A66-87DA-16FB36711288}.Debug|Any CPU.Build.0 = Debug|Any CPU
		{C5F1A62E-0E7A-4A66-87DA-16FB36711288}.Debug|x64.ActiveCfg = Debug|Any CPU
		{C5F1A62E-0E7A-4A66-87DA-16FB36711288}.Debug|x64.Build.0 = Debug|Any CPU
		{C5F1A62E-0E7A-4A66-87DA-16FB36711288}.Debug|x86.ActiveCfg = Debug|Any CPU
		{C5F1A62E-0E7A-4A66-87DA-16FB36711288}.Debug|x86.Build.0 = Debug|Any CPU
		{C5F1A62E-0E7A-4A66-87DA-16FB36711288}.Release|Any CPU.ActiveCfg = Release|Any CPU
		{C5F1A62E-0E7A-4A66-87DA-16FB36711288}.Release|Any CPU.Build.0 = Release|Any CPU
		{C5F1A62E-0E7A-4A66-87DA-16FB36711288}.Release|x64.ActiveCfg = Release|Any CPU
		{C5F1A62E-0E7A-4A66-87DA-16FB36711288}.Release|x64.Build.0 = Release|Any CPU
		{C5F1A62E-0E7A-4A66-87DA-16FB36711288}.Release|x86.ActiveCfg = Release|Any CPU
		{C5F1A62E-0E7A-4A66-87DA-16FB36711288}.Release|x86.Build.0 = Release|Any CPU
		{82BF118F-8DD0-4A22-8CA8-05D7502E0CBD}.Debug|Any CPU.ActiveCfg = Debug|Any CPU
		{82BF118F-8DD0-4A22-8CA8-05D7502E0CBD}.Debug|Any CPU.Build.0 = Debug|Any CPU
		{82BF118F-8DD0-4A22-8CA8-05D7502E0CBD}.Debug|x64.ActiveCfg = Debug|Any CPU
		{82BF118F-8DD0-4A22-8CA8-05D7502E0CBD}.Debug|x64.Build.0 = Debug|Any CPU
		{82BF118F-8DD0-4A22-8CA8-05D7502E0CBD}.Debug|x86.ActiveCfg = Debug|Any CPU
		{82BF118F-8DD0-4A22-8CA8-05D7502E0CBD}.Debug|x86.Build.0 = Debug|Any CPU
		{82BF118F-8DD0-4A22-8CA8-05D7502E0CBD}.Release|Any CPU.ActiveCfg = Release|Any CPU
		{82BF118F-8DD0-4A22-8CA8-05D7502E0CBD}.Release|Any CPU.Build.0 = Release|Any CPU
		{82BF118F-8DD0-4A22-8CA8-05D7502E0CBD}.Release|x64.ActiveCfg = Release|Any CPU
		{82BF118F-8DD0-4A22-8CA8-05D7502E0CBD}.Release|x64.Build.0 = Release|Any CPU
		{82BF118F-8DD0-4A22-8CA8-05D7502E0CBD}.Release|x86.ActiveCfg = Release|Any CPU
		{82BF118F-8DD0-4A22-8CA8-05D7502E0CBD}.Release|x86.Build.0 = Release|Any CPU
		{1CBD6D3C-12F8-4BD2-9445-9D6F6BF3DB9F}.Debug|Any CPU.ActiveCfg = Debug|Any CPU
		{1CBD6D3C-12F8-4BD2-9445-9D6F6BF3DB9F}.Debug|Any CPU.Build.0 = Debug|Any CPU
		{1CBD6D3C-12F8-4BD2-9445-9D6F6BF3DB9F}.Debug|x64.ActiveCfg = Debug|Any CPU
		{1CBD6D3C-12F8-4BD2-9445-9D6F6BF3DB9F}.Debug|x64.Build.0 = Debug|Any CPU
		{1CBD6D3C-12F8-4BD2-9445-9D6F6BF3DB9F}.Debug|x86.ActiveCfg = Debug|Any CPU
		{1CBD6D3C-12F8-4BD2-9445-9D6F6BF3DB9F}.Debug|x86.Build.0 = Debug|Any CPU
		{1CBD6D3C-12F8-4BD2-9445-9D6F6BF3DB9F}.Release|Any CPU.ActiveCfg = Release|Any CPU
		{1CBD6D3C-12F8-4BD2-9445-9D6F6BF3DB9F}.Release|Any CPU.Build.0 = Release|Any CPU
		{1CBD6D3C-12F8-4BD2-9445-9D6F6BF3DB9F}.Release|x64.ActiveCfg = Release|Any CPU
		{1CBD6D3C-12F8-4BD2-9445-9D6F6BF3DB9F}.Release|x64.Build.0 = Release|Any CPU
		{1CBD6D3C-12F8-4BD2-9445-9D6F6BF3DB9F}.Release|x86.ActiveCfg = Release|Any CPU
		{1CBD6D3C-12F8-4BD2-9445-9D6F6BF3DB9F}.Release|x86.Build.0 = Release|Any CPU
	EndGlobalSection
EndGlobal
